// !$*UTF8*$!
{
	archiveVersion = 1;
	classes = {
	};
	objectVersion = 51;
	objects = {

/* Begin PBXBuildFile section */
		707E773D9E35DCCAC75920C4 /* Pods_hotTakes.framework in Frameworks */ = {isa = PBXBuildFile; fileRef = 3A6FC22AD44CB5381F9CEBA0 /* Pods_hotTakes.framework */; };
		FF3A3C1A257D8F610039643F /* AppDelegate.swift in Sources */ = {isa = PBXBuildFile; fileRef = FF3A3C19257D8F610039643F /* AppDelegate.swift */; };
		FF3A3C1C257D8F610039643F /* SceneDelegate.swift in Sources */ = {isa = PBXBuildFile; fileRef = FF3A3C1B257D8F610039643F /* SceneDelegate.swift */; };
		FF3A3C1E257D8F610039643F /* LoginViewController.swift in Sources */ = {isa = PBXBuildFile; fileRef = FF3A3C1D257D8F610039643F /* LoginViewController.swift */; };
		FF3A3C23257D8F620039643F /* Assets.xcassets in Resources */ = {isa = PBXBuildFile; fileRef = FF3A3C22257D8F620039643F /* Assets.xcassets */; };
		FF3A3C26257D8F620039643F /* LaunchScreen.storyboard in Resources */ = {isa = PBXBuildFile; fileRef = FF3A3C24257D8F620039643F /* LaunchScreen.storyboard */; };
		FF40A002257D99E100ED2DE3 /* FeedViewController.swift in Sources */ = {isa = PBXBuildFile; fileRef = FF40A001257D99E100ED2DE3 /* FeedViewController.swift */; };
		FF40A005257DA7BC00ED2DE3 /* Take.swift in Sources */ = {isa = PBXBuildFile; fileRef = FF40A004257DA7BC00ED2DE3 /* Take.swift */; };
		FF40A00B257DADD700ED2DE3 /* NewPostViewController.swift in Sources */ = {isa = PBXBuildFile; fileRef = FF40A00A257DADD700ED2DE3 /* NewPostViewController.swift */; };
		FF5D1FD0258731B900848B5A /* Roboto-Regular.ttf in Resources */ = {isa = PBXBuildFile; fileRef = FF5D1FCF258731B900848B5A /* Roboto-Regular.ttf */; };
		FF5D1FDB258765DC00848B5A /* ContainerViewController.swift in Sources */ = {isa = PBXBuildFile; fileRef = FF5D1FDA258765DC00848B5A /* ContainerViewController.swift */; };
		FF5D1FDF258766B600848B5A /* ProfileViewController.swift in Sources */ = {isa = PBXBuildFile; fileRef = FF5D1FDE258766B600848B5A /* ProfileViewController.swift */; };
		FF5D1FE2258768A800848B5A /* HeaderViewController.swift in Sources */ = {isa = PBXBuildFile; fileRef = FF5D1FE1258768A800848B5A /* HeaderViewController.swift */; };
		FF5D1FE6258788E600848B5A /* NetworkManager.swift in Sources */ = {isa = PBXBuildFile; fileRef = FF5D1FE5258788E600848B5A /* NetworkManager.swift */; };
		FF5D1FEE25878C5400848B5A /* NetworkResponses.swift in Sources */ = {isa = PBXBuildFile; fileRef = FF5D1FED25878C5400848B5A /* NetworkResponses.swift */; };
		FF7400092587249C004D1667 /* Roboto-Bold.ttf in Resources */ = {isa = PBXBuildFile; fileRef = FF7400082587249C004D1667 /* Roboto-Bold.ttf */; };
/* End PBXBuildFile section */

/* Begin PBXFileReference section */
		3A6FC22AD44CB5381F9CEBA0 /* Pods_hotTakes.framework */ = {isa = PBXFileReference; explicitFileType = wrapper.framework; includeInIndex = 0; path = Pods_hotTakes.framework; sourceTree = BUILT_PRODUCTS_DIR; };
		713D9C25FDCF188BBD1B9CFA /* Pods-hotTakes.release.xcconfig */ = {isa = PBXFileReference; includeInIndex = 1; lastKnownFileType = text.xcconfig; name = "Pods-hotTakes.release.xcconfig"; path = "Target Support Files/Pods-hotTakes/Pods-hotTakes.release.xcconfig"; sourceTree = "<group>"; };
		E7623FAF6769690A706BECD5 /* Pods-hotTakes.debug.xcconfig */ = {isa = PBXFileReference; includeInIndex = 1; lastKnownFileType = text.xcconfig; name = "Pods-hotTakes.debug.xcconfig"; path = "Target Support Files/Pods-hotTakes/Pods-hotTakes.debug.xcconfig"; sourceTree = "<group>"; };
		FF3A3C16257D8F610039643F /* hotTakes.app */ = {isa = PBXFileReference; explicitFileType = wrapper.application; includeInIndex = 0; path = hotTakes.app; sourceTree = BUILT_PRODUCTS_DIR; };
		FF3A3C19257D8F610039643F /* AppDelegate.swift */ = {isa = PBXFileReference; lastKnownFileType = sourcecode.swift; path = AppDelegate.swift; sourceTree = "<group>"; };
		FF3A3C1B257D8F610039643F /* SceneDelegate.swift */ = {isa = PBXFileReference; lastKnownFileType = sourcecode.swift; path = SceneDelegate.swift; sourceTree = "<group>"; };
		FF3A3C1D257D8F610039643F /* LoginViewController.swift */ = {isa = PBXFileReference; lastKnownFileType = sourcecode.swift; path = LoginViewController.swift; sourceTree = "<group>"; };
		FF3A3C22257D8F620039643F /* Assets.xcassets */ = {isa = PBXFileReference; lastKnownFileType = folder.assetcatalog; path = Assets.xcassets; sourceTree = "<group>"; };
		FF3A3C25257D8F620039643F /* Base */ = {isa = PBXFileReference; lastKnownFileType = file.storyboard; name = Base; path = Base.lproj/LaunchScreen.storyboard; sourceTree = "<group>"; };
		FF3A3C27257D8F620039643F /* Info.plist */ = {isa = PBXFileReference; lastKnownFileType = text.plist.xml; path = Info.plist; sourceTree = "<group>"; };
		FF40A001257D99E100ED2DE3 /* FeedViewController.swift */ = {isa = PBXFileReference; lastKnownFileType = sourcecode.swift; path = FeedViewController.swift; sourceTree = "<group>"; };
		FF40A004257DA7BC00ED2DE3 /* Take.swift */ = {isa = PBXFileReference; lastKnownFileType = sourcecode.swift; path = Take.swift; sourceTree = "<group>"; };
		FF40A00A257DADD700ED2DE3 /* NewPostViewController.swift */ = {isa = PBXFileReference; lastKnownFileType = sourcecode.swift; path = NewPostViewController.swift; sourceTree = "<group>"; };
		FF5D1FCF258731B900848B5A /* Roboto-Regular.ttf */ = {isa = PBXFileReference; lastKnownFileType = file; path = "Roboto-Regular.ttf"; sourceTree = "<group>"; };
		FF5D1FDA258765DC00848B5A /* ContainerViewController.swift */ = {isa = PBXFileReference; lastKnownFileType = sourcecode.swift; path = ContainerViewController.swift; sourceTree = "<group>"; };
		FF5D1FDE258766B600848B5A /* ProfileViewController.swift */ = {isa = PBXFileReference; lastKnownFileType = sourcecode.swift; path = ProfileViewController.swift; sourceTree = "<group>"; };
		FF5D1FE1258768A800848B5A /* HeaderViewController.swift */ = {isa = PBXFileReference; lastKnownFileType = sourcecode.swift; path = HeaderViewController.swift; sourceTree = "<group>"; };
		FF5D1FE5258788E600848B5A /* NetworkManager.swift */ = {isa = PBXFileReference; lastKnownFileType = sourcecode.swift; path = NetworkManager.swift; sourceTree = "<group>"; };
		FF5D1FED25878C5400848B5A /* NetworkResponses.swift */ = {isa = PBXFileReference; lastKnownFileType = sourcecode.swift; path = NetworkResponses.swift; sourceTree = "<group>"; };
		FF7400082587249C004D1667 /* Roboto-Bold.ttf */ = {isa = PBXFileReference; lastKnownFileType = file; path = "Roboto-Bold.ttf"; sourceTree = "<group>"; };
/* End PBXFileReference section */

/* Begin PBXFrameworksBuildPhase section */
		FF3A3C13257D8F610039643F /* Frameworks */ = {
			isa = PBXFrameworksBuildPhase;
			buildActionMask = 2147483647;
			files = (
				707E773D9E35DCCAC75920C4 /* Pods_hotTakes.framework in Frameworks */,
			);
			runOnlyForDeploymentPostprocessing = 0;
		};
/* End PBXFrameworksBuildPhase section */

/* Begin PBXGroup section */
		07ED09FB207996BF3049703A /* Pods */ = {
			isa = PBXGroup;
			children = (
				E7623FAF6769690A706BECD5 /* Pods-hotTakes.debug.xcconfig */,
				713D9C25FDCF188BBD1B9CFA /* Pods-hotTakes.release.xcconfig */,
			);
			path = Pods;
			sourceTree = "<group>";
		};
		15214A7D51FC8183BAB8AEC3 /* Frameworks */ = {
			isa = PBXGroup;
			children = (
				3A6FC22AD44CB5381F9CEBA0 /* Pods_hotTakes.framework */,
			);
			name = Frameworks;
			sourceTree = "<group>";
		};
		FF3A3C0D257D8F610039643F = {
			isa = PBXGroup;
			children = (
				FF3A3C18257D8F610039643F /* hotTakes */,
				FF3A3C17257D8F610039643F /* Products */,
				07ED09FB207996BF3049703A /* Pods */,
				15214A7D51FC8183BAB8AEC3 /* Frameworks */,
			);
			sourceTree = "<group>";
		};
		FF3A3C17257D8F610039643F /* Products */ = {
			isa = PBXGroup;
			children = (
				FF3A3C16257D8F610039643F /* hotTakes.app */,
			);
			name = Products;
			sourceTree = "<group>";
		};
		FF3A3C18257D8F610039643F /* hotTakes */ = {
			isa = PBXGroup;
			children = (
				FF7400062587246C004D1667 /* fonts */,
				FF3A3C19257D8F610039643F /* AppDelegate.swift */,
				FF3A3C1B257D8F610039643F /* SceneDelegate.swift */,
				FF3A3C1D257D8F610039643F /* LoginViewController.swift */,
				FF5D1FDE258766B600848B5A /* ProfileViewController.swift */,
				FF5D1FDA258765DC00848B5A /* ContainerViewController.swift */,
				FF5D1FE1258768A800848B5A /* HeaderViewController.swift */,
				FF40A00A257DADD700ED2DE3 /* NewPostViewController.swift */,
				FF40A001257D99E100ED2DE3 /* FeedViewController.swift */,
				FF40A004257DA7BC00ED2DE3 /* Take.swift */,
				FF5D1FE5258788E600848B5A /* NetworkManager.swift */,
				FF5D1FED25878C5400848B5A /* NetworkResponses.swift */,
				FF3A3C22257D8F620039643F /* Assets.xcassets */,
				FF3A3C24257D8F620039643F /* LaunchScreen.storyboard */,
				FF3A3C27257D8F620039643F /* Info.plist */,
			);
			path = hotTakes;
			sourceTree = "<group>";
		};
		FF7400062587246C004D1667 /* fonts */ = {
			isa = PBXGroup;
			children = (
				FF5D1FCF258731B900848B5A /* Roboto-Regular.ttf */,
				FF7400082587249C004D1667 /* Roboto-Bold.ttf */,
			);
			path = fonts;
			sourceTree = "<group>";
		};
/* End PBXGroup section */

/* Begin PBXNativeTarget section */
		FF3A3C15257D8F610039643F /* hotTakes */ = {
			isa = PBXNativeTarget;
			buildConfigurationList = FF3A3C2A257D8F620039643F /* Build configuration list for PBXNativeTarget "hotTakes" */;
			buildPhases = (
				4C3C5C051C5D100D689E206A /* [CP] Check Pods Manifest.lock */,
				FF3A3C12257D8F610039643F /* Sources */,
				FF3A3C13257D8F610039643F /* Frameworks */,
				FF3A3C14257D8F610039643F /* Resources */,
				894F2897E9A8A18E869CA58F /* [CP] Embed Pods Frameworks */,
			);
			buildRules = (
			);
			dependencies = (
			);
			name = hotTakes;
			productName = hotTakes;
			productReference = FF3A3C16257D8F610039643F /* hotTakes.app */;
			productType = "com.apple.product-type.application";
		};
/* End PBXNativeTarget section */

/* Begin PBXProject section */
		FF3A3C0E257D8F610039643F /* Project object */ = {
			isa = PBXProject;
			attributes = {
				LastSwiftUpdateCheck = 1220;
				LastUpgradeCheck = 1220;
				TargetAttributes = {
					FF3A3C15257D8F610039643F = {
						CreatedOnToolsVersion = 12.2;
					};
				};
			};
			buildConfigurationList = FF3A3C11257D8F610039643F /* Build configuration list for PBXProject "hotTakes" */;
			compatibilityVersion = "Xcode 9.3";
			developmentRegion = en;
			hasScannedForEncodings = 0;
			knownRegions = (
				en,
				Base,
			);
			mainGroup = FF3A3C0D257D8F610039643F;
			productRefGroup = FF3A3C17257D8F610039643F /* Products */;
			projectDirPath = "";
			projectRoot = "";
			targets = (
				FF3A3C15257D8F610039643F /* hotTakes */,
			);
		};
/* End PBXProject section */

/* Begin PBXResourcesBuildPhase section */
		FF3A3C14257D8F610039643F /* Resources */ = {
			isa = PBXResourcesBuildPhase;
			buildActionMask = 2147483647;
			files = (
				FF3A3C26257D8F620039643F /* LaunchScreen.storyboard in Resources */,
				FF3A3C23257D8F620039643F /* Assets.xcassets in Resources */,
				FF5D1FD0258731B900848B5A /* Roboto-Regular.ttf in Resources */,
				FF7400092587249C004D1667 /* Roboto-Bold.ttf in Resources */,
			);
			runOnlyForDeploymentPostprocessing = 0;
		};
/* End PBXResourcesBuildPhase section */

/* Begin PBXShellScriptBuildPhase section */
		4C3C5C051C5D100D689E206A /* [CP] Check Pods Manifest.lock */ = {
			isa = PBXShellScriptBuildPhase;
			buildActionMask = 2147483647;
			files = (
			);
			inputFileListPaths = (
			);
			inputPaths = (
				"${PODS_PODFILE_DIR_PATH}/Podfile.lock",
				"${PODS_ROOT}/Manifest.lock",
			);
			name = "[CP] Check Pods Manifest.lock";
			outputFileListPaths = (
			);
			outputPaths = (
				"$(DERIVED_FILE_DIR)/Pods-hotTakes-checkManifestLockResult.txt",
			);
			runOnlyForDeploymentPostprocessing = 0;
			shellPath = /bin/sh;
			shellScript = "diff \"${PODS_PODFILE_DIR_PATH}/Podfile.lock\" \"${PODS_ROOT}/Manifest.lock\" > /dev/null\nif [ $? != 0 ] ; then\n    # print error to STDERR\n    echo \"error: The sandbox is not in sync with the Podfile.lock. Run 'pod install' or update your CocoaPods installation.\" >&2\n    exit 1\nfi\n# This output is used by Xcode 'outputs' to avoid re-running this script phase.\necho \"SUCCESS\" > \"${SCRIPT_OUTPUT_FILE_0}\"\n";
			showEnvVarsInLog = 0;
		};
		894F2897E9A8A18E869CA58F /* [CP] Embed Pods Frameworks */ = {
			isa = PBXShellScriptBuildPhase;
			buildActionMask = 2147483647;
			files = (
			);
			inputFileListPaths = (
				"${PODS_ROOT}/Target Support Files/Pods-hotTakes/Pods-hotTakes-frameworks-${CONFIGURATION}-input-files.xcfilelist",
			);
			name = "[CP] Embed Pods Frameworks";
			outputFileListPaths = (
				"${PODS_ROOT}/Target Support Files/Pods-hotTakes/Pods-hotTakes-frameworks-${CONFIGURATION}-output-files.xcfilelist",
			);
			runOnlyForDeploymentPostprocessing = 0;
			shellPath = /bin/sh;
			shellScript = "\"${PODS_ROOT}/Target Support Files/Pods-hotTakes/Pods-hotTakes-frameworks.sh\"\n";
			showEnvVarsInLog = 0;
		};
/* End PBXShellScriptBuildPhase section */

/* Begin PBXSourcesBuildPhase section */
		FF3A3C12257D8F610039643F /* Sources */ = {
			isa = PBXSourcesBuildPhase;
			buildActionMask = 2147483647;
			files = (
				FF3A3C1E257D8F610039643F /* LoginViewController.swift in Sources */,
				FF5D1FDB258765DC00848B5A /* ContainerViewController.swift in Sources */,
				FF5D1FE6258788E600848B5A /* NetworkManager.swift in Sources */,
				FF3A3C1A257D8F610039643F /* AppDelegate.swift in Sources */,
				FF40A00B257DADD700ED2DE3 /* NewPostViewController.swift in Sources */,
				FF40A002257D99E100ED2DE3 /* FeedViewController.swift in Sources */,
				FF5D1FDF258766B600848B5A /* ProfileViewController.swift in Sources */,
				FF5D1FE2258768A800848B5A /* HeaderViewController.swift in Sources */,
				FF40A005257DA7BC00ED2DE3 /* Take.swift in Sources */,
				FF5D1FEE25878C5400848B5A /* NetworkResponses.swift in Sources */,
				FF3A3C1C257D8F610039643F /* SceneDelegate.swift in Sources */,
			);
			runOnlyForDeploymentPostprocessing = 0;
		};
/* End PBXSourcesBuildPhase section */

/* Begin PBXVariantGroup section */
		FF3A3C24257D8F620039643F /* LaunchScreen.storyboard */ = {
			isa = PBXVariantGroup;
			children = (
				FF3A3C25257D8F620039643F /* Base */,
			);
			name = LaunchScreen.storyboard;
			sourceTree = "<group>";
		};
/* End PBXVariantGroup section */

/* Begin XCBuildConfiguration section */
		FF3A3C28257D8F620039643F /* Debug */ = {
			isa = XCBuildConfiguration;
			buildSettings = {
				ALWAYS_SEARCH_USER_PATHS = NO;
				CLANG_ANALYZER_NONNULL = YES;
				CLANG_ANALYZER_NUMBER_OBJECT_CONVERSION = YES_AGGRESSIVE;
				CLANG_CXX_LANGUAGE_STANDARD = "gnu++14";
				CLANG_CXX_LIBRARY = "libc++";
				CLANG_ENABLE_MODULES = YES;
				CLANG_ENABLE_OBJC_ARC = YES;
				CLANG_ENABLE_OBJC_WEAK = YES;
				CLANG_WARN_BLOCK_CAPTURE_AUTORELEASING = YES;
				CLANG_WARN_BOOL_CONVERSION = YES;
				CLANG_WARN_COMMA = YES;
				CLANG_WARN_CONSTANT_CONVERSION = YES;
				CLANG_WARN_DEPRECATED_OBJC_IMPLEMENTATIONS = YES;
				CLANG_WARN_DIRECT_OBJC_ISA_USAGE = YES_ERROR;
				CLANG_WARN_DOCUMENTATION_COMMENTS = YES;
				CLANG_WARN_EMPTY_BODY = YES;
				CLANG_WARN_ENUM_CONVERSION = YES;
				CLANG_WARN_INFINITE_RECURSION = YES;
				CLANG_WARN_INT_CONVERSION = YES;
				CLANG_WARN_NON_LITERAL_NULL_CONVERSION = YES;
				CLANG_WARN_OBJC_IMPLICIT_RETAIN_SELF = YES;
				CLANG_WARN_OBJC_LITERAL_CONVERSION = YES;
				CLANG_WARN_OBJC_ROOT_CLASS = YES_ERROR;
				CLANG_WARN_QUOTED_INCLUDE_IN_FRAMEWORK_HEADER = YES;
				CLANG_WARN_RANGE_LOOP_ANALYSIS = YES;
				CLANG_WARN_STRICT_PROTOTYPES = YES;
				CLANG_WARN_SUSPICIOUS_MOVE = YES;
				CLANG_WARN_UNGUARDED_AVAILABILITY = YES_AGGRESSIVE;
				CLANG_WARN_UNREACHABLE_CODE = YES;
				CLANG_WARN__DUPLICATE_METHOD_MATCH = YES;
				COPY_PHASE_STRIP = NO;
				DEBUG_INFORMATION_FORMAT = dwarf;
				ENABLE_STRICT_OBJC_MSGSEND = YES;
				ENABLE_TESTABILITY = YES;
				GCC_C_LANGUAGE_STANDARD = gnu11;
				GCC_DYNAMIC_NO_PIC = NO;
				GCC_NO_COMMON_BLOCKS = YES;
				GCC_OPTIMIZATION_LEVEL = 0;
				GCC_PREPROCESSOR_DEFINITIONS = (
					"DEBUG=1",
					"$(inherited)",
				);
				GCC_WARN_64_TO_32_BIT_CONVERSION = YES;
				GCC_WARN_ABOUT_RETURN_TYPE = YES_ERROR;
				GCC_WARN_UNDECLARED_SELECTOR = YES;
				GCC_WARN_UNINITIALIZED_AUTOS = YES_AGGRESSIVE;
				GCC_WARN_UNUSED_FUNCTION = YES;
				GCC_WARN_UNUSED_VARIABLE = YES;
				IPHONEOS_DEPLOYMENT_TARGET = 14.2;
				MTL_ENABLE_DEBUG_INFO = INCLUDE_SOURCE;
				MTL_FAST_MATH = YES;
				ONLY_ACTIVE_ARCH = YES;
				SDKROOT = iphoneos;
				SWIFT_ACTIVE_COMPILATION_CONDITIONS = DEBUG;
				SWIFT_OPTIMIZATION_LEVEL = "-Onone";
			};
			name = Debug;
		};
		FF3A3C29257D8F620039643F /* Release */ = {
			isa = XCBuildConfiguration;
			buildSettings = {
				ALWAYS_SEARCH_USER_PATHS = NO;
				CLANG_ANALYZER_NONNULL = YES;
				CLANG_ANALYZER_NUMBER_OBJECT_CONVERSION = YES_AGGRESSIVE;
				CLANG_CXX_LANGUAGE_STANDARD = "gnu++14";
				CLANG_CXX_LIBRARY = "libc++";
				CLANG_ENABLE_MODULES = YES;
				CLANG_ENABLE_OBJC_ARC = YES;
				CLANG_ENABLE_OBJC_WEAK = YES;
				CLANG_WARN_BLOCK_CAPTURE_AUTORELEASING = YES;
				CLANG_WARN_BOOL_CONVERSION = YES;
				CLANG_WARN_COMMA = YES;
				CLANG_WARN_CONSTANT_CONVERSION = YES;
				CLANG_WARN_DEPRECATED_OBJC_IMPLEMENTATIONS = YES;
				CLANG_WARN_DIRECT_OBJC_ISA_USAGE = YES_ERROR;
				CLANG_WARN_DOCUMENTATION_COMMENTS = YES;
				CLANG_WARN_EMPTY_BODY = YES;
				CLANG_WARN_ENUM_CONVERSION = YES;
				CLANG_WARN_INFINITE_RECURSION = YES;
				CLANG_WARN_INT_CONVERSION = YES;
				CLANG_WARN_NON_LITERAL_NULL_CONVERSION = YES;
				CLANG_WARN_OBJC_IMPLICIT_RETAIN_SELF = YES;
				CLANG_WARN_OBJC_LITERAL_CONVERSION = YES;
				CLANG_WARN_OBJC_ROOT_CLASS = YES_ERROR;
				CLANG_WARN_QUOTED_INCLUDE_IN_FRAMEWORK_HEADER = YES;
				CLANG_WARN_RANGE_LOOP_ANALYSIS = YES;
				CLANG_WARN_STRICT_PROTOTYPES = YES;
				CLANG_WARN_SUSPICIOUS_MOVE = YES;
				CLANG_WARN_UNGUARDED_AVAILABILITY = YES_AGGRESSIVE;
				CLANG_WARN_UNREACHABLE_CODE = YES;
				CLANG_WARN__DUPLICATE_METHOD_MATCH = YES;
				COPY_PHASE_STRIP = NO;
				DEBUG_INFORMATION_FORMAT = "dwarf-with-dsym";
				ENABLE_NS_ASSERTIONS = NO;
				ENABLE_STRICT_OBJC_MSGSEND = YES;
				GCC_C_LANGUAGE_STANDARD = gnu11;
				GCC_NO_COMMON_BLOCKS = YES;
				GCC_WARN_64_TO_32_BIT_CONVERSION = YES;
				GCC_WARN_ABOUT_RETURN_TYPE = YES_ERROR;
				GCC_WARN_UNDECLARED_SELECTOR = YES;
				GCC_WARN_UNINITIALIZED_AUTOS = YES_AGGRESSIVE;
				GCC_WARN_UNUSED_FUNCTION = YES;
				GCC_WARN_UNUSED_VARIABLE = YES;
				IPHONEOS_DEPLOYMENT_TARGET = 14.2;
				MTL_ENABLE_DEBUG_INFO = NO;
				MTL_FAST_MATH = YES;
				SDKROOT = iphoneos;
				SWIFT_COMPILATION_MODE = wholemodule;
				SWIFT_OPTIMIZATION_LEVEL = "-O";
				VALIDATE_PRODUCT = YES;
			};
			name = Release;
		};
		FF3A3C2B257D8F620039643F /* Debug */ = {
			isa = XCBuildConfiguration;
			baseConfigurationReference = E7623FAF6769690A706BECD5 /* Pods-hotTakes.debug.xcconfig */;
			buildSettings = {
				ASSETCATALOG_COMPILER_APPICON_NAME = AppIcon;
				ASSETCATALOG_COMPILER_GLOBAL_ACCENT_COLOR_NAME = AccentColor;
				CODE_SIGN_STYLE = Automatic;
				INFOPLIST_FILE = hotTakes/Info.plist;
				LD_RUNPATH_SEARCH_PATHS = (
					"$(inherited)",
					"@executable_path/Frameworks",
				);
				PRODUCT_BUNDLE_IDENTIFIER = com.appdev.hotTakes;
				PRODUCT_NAME = "$(TARGET_NAME)";
				SWIFT_VERSION = 5.0;
				TARGETED_DEVICE_FAMILY = "1,2";
			};
			name = Debug;
		};
		FF3A3C2C257D8F620039643F /* Release */ = {
			isa = XCBuildConfiguration;
			baseConfigurationReference = 713D9C25FDCF188BBD1B9CFA /* Pods-hotTakes.release.xcconfig */;
			buildSettings = {
				ASSETCATALOG_COMPILER_APPICON_NAME = AppIcon;
				ASSETCATALOG_COMPILER_GLOBAL_ACCENT_COLOR_NAME = AccentColor;
				CODE_SIGN_STYLE = Automatic;
				INFOPLIST_FILE = hotTakes/Info.plist;
				LD_RUNPATH_SEARCH_PATHS = (
					"$(inherited)",
					"@executable_path/Frameworks",
				);
				PRODUCT_BUNDLE_IDENTIFIER = com.appdev.hotTakes;
				PRODUCT_NAME = "$(TARGET_NAME)";
				SWIFT_VERSION = 5.0;
				TARGETED_DEVICE_FAMILY = "1,2";
			};
			name = Release;
		};
/* End XCBuildConfiguration section */

/* Begin XCConfigurationList section */
		FF3A3C11257D8F610039643F /* Build configuration list for PBXProject "hotTakes" */ = {
			isa = XCConfigurationList;
			buildConfigurations = (
				FF3A3C28257D8F620039643F /* Debug */,
				FF3A3C29257D8F620039643F /* Release */,
			);
			defaultConfigurationIsVisible = 0;
			defaultConfigurationName = Release;
		};
		FF3A3C2A257D8F620039643F /* Build configuration list for PBXNativeTarget "hotTakes" */ = {
			isa = XCConfigurationList;
			buildConfigurations = (
				FF3A3C2B257D8F620039643F /* Debug */,
				FF3A3C2C257D8F620039643F /* Release */,
			);
			defaultConfigurationIsVisible = 0;
			defaultConfigurationName = Release;
		};
/* End XCConfigurationList section */
	};
	rootObject = FF3A3C0E257D8F610039643F /* Project object */;
}
